<?xml version="1.0" encoding="utf-8"?>
<Project ToolsVersion="4.0" xmlns="http://schemas.microsoft.com/developer/msbuild/2003">
  <ItemGroup>
    <Filter Include="Source Files">
      <UniqueIdentifier>{4FC737F1-C7A5-4376-A066-2A32D752A2FF}</UniqueIdentifier>
      <Extensions>cpp;c;cc;cxx;c++;cppm;ixx;def;odl;idl;hpj;bat;asm;asmx</Extensions>
    </Filter>
    <Filter Include="Header Files">
      <UniqueIdentifier>{93995380-89BD-4b04-88EB-625FBE52EBFB}</UniqueIdentifier>
      <Extensions>h;hh;hpp;hxx;h++;hm;inl;inc;ipp;xsd</Extensions>
    </Filter>
    <Filter Include="Resource Files">
      <UniqueIdentifier>{67DA6AB6-F800-4c08-8B7A-83BB121AAD01}</UniqueIdentifier>
      <Extensions>rc;ico;cur;bmp;dlg;rc2;rct;bin;rgs;gif;jpg;jpeg;jpe;resx;tiff;tif;png;wav;mfcribbon-ms</Extensions>
    </Filter>
  </ItemGroup>
  <ItemGroup>
    <ClCompile Include="Main.cpp">
      <Filter>Source Files</Filter>
    </ClCompile>
    <ClCompile Include="GFX\BitmapManager.cpp">
      <Filter>Source Files</Filter>
    </ClCompile>
    <ClCompile Include="Entity\EntityManager.cpp">
      <Filter>Source Files</Filter>
    </ClCompile>
    <ClCompile Include="Entity\Player.cpp">
      <Filter>Source Files</Filter>
    </ClCompile>
    <ClCompile Include="Input\InputManager.cpp">
      <Filter>Source Files</Filter>
    </ClCompile>
    <ClCompile Include="Entity\Entity.cpp">
      <Filter>Source Files</Filter>
    </ClCompile>
    <ClCompile Include="Networking\Server.cpp">
      <Filter>Source Files</Filter>
    </ClCompile>
    <ClCompile Include="Scene\Scene.cpp">
      <Filter>Source Files</Filter>
    </ClCompile>
    <ClCompile Include="Scene\MainMenuScene.cpp">
      <Filter>Source Files</Filter>
    </ClCompile>
    <ClCompile Include="Networking\Client.cpp">
      <Filter>Source Files</Filter>
    </ClCompile>
    <ClCompile Include="Networking\Network.cpp">
      <Filter>Source Files</Filter>
    </ClCompile>
    <ClCompile Include="Networking\NetworkPlayer.cpp">
      <Filter>Source Files</Filter>
    </ClCompile>
    <ClCompile Include="GFX\Font.cpp">
      <Filter>Source Files</Filter>
    </ClCompile>
    <ClCompile Include="Scene\QuitGameScene.cpp">
      <Filter>Source Files</Filter>
    </ClCompile>
    <ClCompile Include="Scene\PlayScene.cpp">
      <Filter>Source Files</Filter>
    </ClCompile>
  </ItemGroup>
  <ItemGroup>
    <None Include="packages.config" />
  </ItemGroup>
  <ItemGroup>
    <ClInclude Include="Entity\Entity.h">
      <Filter>Header Files</Filter>
    </ClInclude>
    <ClInclude Include="Macros.h">
      <Filter>Header Files</Filter>
    </ClInclude>
    <ClInclude Include="GFX\BitmapManager.h">
      <Filter>Header Files</Filter>
    </ClInclude>
    <ClInclude Include="Entity\EntityManager.h">
      <Filter>Header Files</Filter>
    </ClInclude>
    <ClInclude Include="Entity\Player.h">
      <Filter>Header Files</Filter>
    </ClInclude>
    <ClInclude Include="Input\InputManager.h">
      <Filter>Header Files</Filter>
    </ClInclude>
    <ClInclude Include="Networking\Server.h">
      <Filter>Header Files</Filter>
    </ClInclude>
    <ClInclude Include="Scene\Scene.h">
      <Filter>Header Files</Filter>
    </ClInclude>
    <ClInclude Include="Scene\MainMenuScene.h">
      <Filter>Header Files</Filter>
    </ClInclude>
    <ClInclude Include="Networking\Client.h">
      <Filter>Header Files</Filter>
    </ClInclude>
    <ClInclude Include="Networking\Network.h">
      <Filter>Header Files</Filter>
    </ClInclude>
    <ClInclude Include="Networking\NetworkPlayer.h">
      <Filter>Header Files</Filter>
    </ClInclude>
    <ClInclude Include="GFX\Font.h">
      <Filter>Header Files</Filter>
    </ClInclude>
    <ClInclude Include="Scene\QuitGameScene.h">
      <Filter>Header Files</Filter>
    </ClInclude>
    <ClInclude Include="Scene\PlayScene.h">
      <Filter>Header Files</Filter>
    </ClInclude>
  </ItemGroup>
</Project>